
Microsoft Visual Studio Solution File, Format Version 12.00
# Visual Studio 14
VisualStudioVersion = 14.0.25420.1
MinimumVisualStudioVersion = 10.0.40219.1
Project("{2150E333-8FDC-42A3-9474-1A3956D46DE8}") = "Negocios", "Negocios", "{CE5D666F-E65C-414A-AC48-127188FF7D11}"
EndProject
Project("{2150E333-8FDC-42A3-9474-1A3956D46DE8}") = "Dados", "Dados", "{0ABDD59A-3298-4D5A-B53B-6F7A2A38A03A}"
EndProject
Project("{2150E333-8FDC-42A3-9474-1A3956D46DE8}") = "Comum", "Comum", "{82CC516B-4E49-49BB-B8D2-E55B5D7871B3}"
EndProject
Project("{FAE04EC0-301F-11D3-BF4B-00C04F79EFBC}") = "Glass.Data", "Glass.Data\Glass.Data.csproj", "{4F2EAA30-6616-4D69-8355-44557E20C398}"
EndProject
Project("{FAE04EC0-301F-11D3-BF4B-00C04F79EFBC}") = "WebGlass.Business", "WebGlass.Business\WebGlass.Business.csproj", "{3D3AA39C-0674-4421-9BCC-4F17690A868F}"
EndProject
Project("{FAE04EC0-301F-11D3-BF4B-00C04F79EFBC}") = "Glass.Comum", "Comum\Glass.Comum\Glass.Comum.csproj", "{BA4D9710-6531-44AF-99FD-01542F41E1AD}"
EndProject
Project("{2150E333-8FDC-42A3-9474-1A3956D46DE8}") = "UI", "UI", "{8139D057-3422-47E4-88B8-18E6C6D5C063}"
EndProject
Project("{2150E333-8FDC-42A3-9474-1A3956D46DE8}") = "Web", "Web", "{DAF43D13-E9CD-4DF0-B057-36D24F57956A}"
EndProject
Project("{FAE04EC0-301F-11D3-BF4B-00C04F79EFBC}") = "Glass.UI.Web", "Glass\Glass.UI.Web.csproj", "{7245A9FF-B1F0-4052-9136-C56741438B16}"
	ProjectSection(ProjectDependencies) = postProject
		{E621367F-3FD6-4EF9-8824-C0DAE2D3DA11} = {E621367F-3FD6-4EF9-8824-C0DAE2D3DA11}
		{064EF0A2-6634-480E-AD8B-1F866A2A7B5B} = {064EF0A2-6634-480E-AD8B-1F866A2A7B5B}
	EndProjectSection
EndProject
Project("{FAE04EC0-301F-11D3-BF4B-00C04F79EFBC}") = "Glass.UI.Web.Process", "UI\Web\Glass.UI.Web.Process\Glass.UI.Web.Process.csproj", "{E621367F-3FD6-4EF9-8824-C0DAE2D3DA11}"
EndProject
Project("{FAE04EC0-301F-11D3-BF4B-00C04F79EFBC}") = "Glass.Negocios", "Negocios\Glass.Negocios\Glass.Negocios.csproj", "{A607C634-74AF-4C32-B0B1-3D72B642B859}"
EndProject
Project("{FAE04EC0-301F-11D3-BF4B-00C04F79EFBC}") = "Glass.Negocios.Entidades", "Negocios\Glass.Negocios.Entidades\Glass.Negocios.Entidades.csproj", "{DE1A9B49-0710-4FA1-BBFB-1C83F9E9533C}"
EndProject
Project("{FAE04EC0-301F-11D3-BF4B-00C04F79EFBC}") = "Glass.Negocios.Componentes", "Negocios\Glass.Negocios.Componentes\Glass.Negocios.Componentes.csproj", "{064EF0A2-6634-480E-AD8B-1F866A2A7B5B}"
EndProject
Project("{2150E333-8FDC-42A3-9474-1A3956D46DE8}") = "Relatorios", "Relatorios", "{D56CED05-BE3C-4422-86D5-110F1BD1669A}"
EndProject
Project("{FAE04EC0-301F-11D3-BF4B-00C04F79EFBC}") = "Glass.Relatorios", "Relatorios\Glass.Relatorios\Glass.Relatorios.csproj", "{FE3E730F-5B2D-42DC-B491-D16C7F04B96C}"
EndProject
Project("{2150E333-8FDC-42A3-9474-1A3956D46DE8}") = "Global", "Global", "{A2131B4A-F707-4810-BE48-8B280CECE34D}"
EndProject
Project("{FAE04EC0-301F-11D3-BF4B-00C04F79EFBC}") = "Glass.Global.Relatorios", "Global\Glass.Global.Relatorios\Glass.Global.Relatorios.csproj", "{43AFB8B3-003D-41CF-BA3F-B5DEC6DE39EA}"
EndProject
Project("{2150E333-8FDC-42A3-9474-1A3956D46DE8}") = "UI", "UI", "{B4F83D46-9BCF-4267-814B-C56E8294E344}"
EndProject
Project("{FAE04EC0-301F-11D3-BF4B-00C04F79EFBC}") = "Glass.Relatorios.UI.Web", "Relatorios\UI\Glass.Relatorios.UI.Web\Glass.Relatorios.UI.Web.csproj", "{2DD004E3-B976-48EB-898A-86283BC13A55}"
EndProject
Project("{2150E333-8FDC-42A3-9474-1A3956D46DE8}") = "UI", "UI", "{482B7C28-F2BC-480A-8BA0-EC3B0E21E8F4}"
EndProject
Project("{2150E333-8FDC-42A3-9474-1A3956D46DE8}") = "Web", "Web", "{DE27138F-829F-43E2-8F1D-7B15D2DEA6F5}"
EndProject
Project("{FAE04EC0-301F-11D3-BF4B-00C04F79EFBC}") = "Glass.Global.UI.Web.Process", "Global\UI\Web\Glass.Global.UI.Web.Process\Glass.Global.UI.Web.Process.csproj", "{53E0EF88-B812-45FE-9F91-F4F7889BD6CB}"
EndProject
Project("{FAE04EC0-301F-11D3-BF4B-00C04F79EFBC}") = "Glass.Dados.MySql", "Dados\Glass.Dados.MySql\Glass.Dados.MySql.csproj", "{33BC0B1F-DAA6-482D-B35B-4877F66297C6}"
EndProject
Project("{2150E333-8FDC-42A3-9474-1A3956D46DE8}") = "Financeiro", "Financeiro", "{D954B2E5-C1FA-41BC-AC75-9C627051BDE9}"
EndProject
Project("{2150E333-8FDC-42A3-9474-1A3956D46DE8}") = "UI", "UI", "{A7F6922F-44BC-4E41-ADFB-4C15A8F4DB4D}"
EndProject
Project("{2150E333-8FDC-42A3-9474-1A3956D46DE8}") = "Web", "Web", "{69ED166A-C1BE-47A1-A704-43182E905A8C}"
EndProject
Project("{FAE04EC0-301F-11D3-BF4B-00C04F79EFBC}") = "Glass.Financeiro.UI.Web.Process", "Financeiro\UI\Web\Glass.Financeiro.UI.Web.Process\Glass.Financeiro.UI.Web.Process.csproj", "{C87D882C-7F86-4AE9-8E67-12A3A9653015}"
EndProject
Project("{2150E333-8FDC-42A3-9474-1A3956D46DE8}") = "Api", "Api", "{320171AD-F2D1-411E-BC00-F757D7B4E117}"
EndProject
Project("{FAE04EC0-301F-11D3-BF4B-00C04F79EFBC}") = "Glass.Api", "Api\Glass.Api\Glass.Api.csproj", "{237E1CBA-D423-4555-A9EA-3282A3287AD9}"
EndProject
Project("{FAE04EC0-301F-11D3-BF4B-00C04F79EFBC}") = "Glass.Api.Implementacao", "Api\Glass.Api.Implementacao\Glass.Api.Implementacao.csproj", "{2B96AE56-3E5C-4904-B9D5-74C034B1380A}"
EndProject
Project("{FAE04EC0-301F-11D3-BF4B-00C04F79EFBC}") = "Glass.Api.Host", "Api\Glass.Api.Host\Glass.Api.Host.csproj", "{65E792BA-9516-467A-9264-DA034878E861}"
EndProject
Project("{2150E333-8FDC-42A3-9474-1A3956D46DE8}") = "Rentabilidade", "Rentabilidade", "{29FC9745-7D13-41D7-8AFE-4193B02BF26F}"
EndProject
Project("{FAE04EC0-301F-11D3-BF4B-00C04F79EFBC}") = "Glass.Rentabilidade", "Rentabilidade\Glass.Rentabilidade\Glass.Rentabilidade.csproj", "{049560E8-0306-483C-A782-8BE14118A6ED}"
EndProject
Project("{FAE04EC0-301F-11D3-BF4B-00C04F79EFBC}") = "Glass.Rentabilidade.Test", "Rentabilidade\Glass.Rentabilidade.Test\Glass.Rentabilidade.Test.csproj", "{4A5280BF-F199-433E-BC5E-B7A19B63C746}"
EndProject
Project("{2150E333-8FDC-42A3-9474-1A3956D46DE8}") = "Mathematical", "Mathematical", "{CEB87701-440B-4D96-83F2-6F0427050740}"
EndProject
Project("{FAE04EC0-301F-11D3-BF4B-00C04F79EFBC}") = "Glass.Mathematical", "Mathematical\Glass.Mathematical\Glass.Mathematical.csproj", "{79BBA571-E0AA-4861-A91D-C6732C94B83A}"
EndProject
Project("{FAE04EC0-301F-11D3-BF4B-00C04F79EFBC}") = "Glass.Mathematical.Test", "Mathematical\Glass.Mathematical.Test\Glass.Mathematical.Test.csproj", "{BB336889-BD00-45C7-8844-D13382C2AAE7}"
EndProject
Project("{2150E333-8FDC-42A3-9474-1A3956D46DE8}") = "Otimizacao", "Otimizacao", "{8CFCFD23-BA5D-4EB5-B552-78DFA464146D}"
EndProject
Project("{2150E333-8FDC-42A3-9474-1A3956D46DE8}") = "UI", "UI", "{240F45A3-FDC6-4F3E-9463-5B6A33B8814E}"
EndProject
Project("{FAE04EC0-301F-11D3-BF4B-00C04F79EFBC}") = "Glass.Otimizacao.UI.Web.Process", "Otimizacao\UI\Web\Glass.Otimizacao.UI.Web.Process\Glass.Otimizacao.UI.Web.Process.csproj", "{B48A8A08-4332-41FC-A6BB-ED85A3A99F9D}"
EndProject
Project("{FAE04EC0-301F-11D3-BF4B-00C04F79EFBC}") = "Glass.Otimizacao", "Otimizacao\Glass.Otimizacao\Glass.Otimizacao.csproj", "{876C89C4-D89E-4E70-AB98-52C008F0DE85}"
EndProject
Global
	GlobalSection(SolutionConfigurationPlatforms) = preSolution
		Debug|.NET = Debug|.NET
		Debug|Any CPU = Debug|Any CPU
		Debug|Mixed Platforms = Debug|Mixed Platforms
		Release|.NET = Release|.NET
		Release|Any CPU = Release|Any CPU
		Release|Mixed Platforms = Release|Mixed Platforms
	EndGlobalSection
	GlobalSection(ProjectConfigurationPlatforms) = postSolution
		{4F2EAA30-6616-4D69-8355-44557E20C398}.Debug|.NET.ActiveCfg = Debug|Any CPU
		{4F2EAA30-6616-4D69-8355-44557E20C398}.Debug|Any CPU.ActiveCfg = Debug|Any CPU
		{4F2EAA30-6616-4D69-8355-44557E20C398}.Debug|Any CPU.Build.0 = Debug|Any CPU
		{4F2EAA30-6616-4D69-8355-44557E20C398}.Debug|Mixed Platforms.ActiveCfg = Debug|Any CPU
		{4F2EAA30-6616-4D69-8355-44557E20C398}.Debug|Mixed Platforms.Build.0 = Debug|Any CPU
		{4F2EAA30-6616-4D69-8355-44557E20C398}.Release|.NET.ActiveCfg = Release|Any CPU
		{4F2EAA30-6616-4D69-8355-44557E20C398}.Release|Any CPU.ActiveCfg = Release|Any CPU
		{4F2EAA30-6616-4D69-8355-44557E20C398}.Release|Any CPU.Build.0 = Release|Any CPU
		{4F2EAA30-6616-4D69-8355-44557E20C398}.Release|Mixed Platforms.ActiveCfg = Release|Any CPU
		{4F2EAA30-6616-4D69-8355-44557E20C398}.Release|Mixed Platforms.Build.0 = Release|Any CPU
		{3D3AA39C-0674-4421-9BCC-4F17690A868F}.Debug|.NET.ActiveCfg = Debug|Any CPU
		{3D3AA39C-0674-4421-9BCC-4F17690A868F}.Debug|Any CPU.ActiveCfg = Debug|Any CPU
		{3D3AA39C-0674-4421-9BCC-4F17690A868F}.Debug|Any CPU.Build.0 = Debug|Any CPU
		{3D3AA39C-0674-4421-9BCC-4F17690A868F}.Debug|Mixed Platforms.ActiveCfg = Debug|Any CPU
		{3D3AA39C-0674-4421-9BCC-4F17690A868F}.Debug|Mixed Platforms.Build.0 = Debug|Any CPU
		{3D3AA39C-0674-4421-9BCC-4F17690A868F}.Release|.NET.ActiveCfg = Release|Any CPU
		{3D3AA39C-0674-4421-9BCC-4F17690A868F}.Release|Any CPU.ActiveCfg = Release|Any CPU
		{3D3AA39C-0674-4421-9BCC-4F17690A868F}.Release|Any CPU.Build.0 = Release|Any CPU
		{3D3AA39C-0674-4421-9BCC-4F17690A868F}.Release|Mixed Platforms.ActiveCfg = Release|Any CPU
		{3D3AA39C-0674-4421-9BCC-4F17690A868F}.Release|Mixed Platforms.Build.0 = Release|Any CPU
		{BA4D9710-6531-44AF-99FD-01542F41E1AD}.Debug|.NET.ActiveCfg = Debug|Any CPU
		{BA4D9710-6531-44AF-99FD-01542F41E1AD}.Debug|Any CPU.ActiveCfg = Debug|Any CPU
		{BA4D9710-6531-44AF-99FD-01542F41E1AD}.Debug|Any CPU.Build.0 = Debug|Any CPU
		{BA4D9710-6531-44AF-99FD-01542F41E1AD}.Debug|Mixed Platforms.ActiveCfg = Debug|Any CPU
		{BA4D9710-6531-44AF-99FD-01542F41E1AD}.Debug|Mixed Platforms.Build.0 = Debug|Any CPU
		{BA4D9710-6531-44AF-99FD-01542F41E1AD}.Release|.NET.ActiveCfg = Release|Any CPU
		{BA4D9710-6531-44AF-99FD-01542F41E1AD}.Release|Any CPU.ActiveCfg = Release|Any CPU
		{BA4D9710-6531-44AF-99FD-01542F41E1AD}.Release|Any CPU.Build.0 = Release|Any CPU
		{BA4D9710-6531-44AF-99FD-01542F41E1AD}.Release|Mixed Platforms.ActiveCfg = Release|Any CPU
		{BA4D9710-6531-44AF-99FD-01542F41E1AD}.Release|Mixed Platforms.Build.0 = Release|Any CPU
		{7245A9FF-B1F0-4052-9136-C56741438B16}.Debug|.NET.ActiveCfg = Debug|Any CPU
		{7245A9FF-B1F0-4052-9136-C56741438B16}.Debug|Any CPU.ActiveCfg = Debug|Any CPU
		{7245A9FF-B1F0-4052-9136-C56741438B16}.Debug|Any CPU.Build.0 = Debug|Any CPU
		{7245A9FF-B1F0-4052-9136-C56741438B16}.Debug|Mixed Platforms.ActiveCfg = Debug|Any CPU
		{7245A9FF-B1F0-4052-9136-C56741438B16}.Debug|Mixed Platforms.Build.0 = Debug|Any CPU
		{7245A9FF-B1F0-4052-9136-C56741438B16}.Release|.NET.ActiveCfg = Release|Any CPU
		{7245A9FF-B1F0-4052-9136-C56741438B16}.Release|Any CPU.ActiveCfg = Release|Any CPU
		{7245A9FF-B1F0-4052-9136-C56741438B16}.Release|Any CPU.Build.0 = Release|Any CPU
		{7245A9FF-B1F0-4052-9136-C56741438B16}.Release|Mixed Platforms.ActiveCfg = Release|Any CPU
		{7245A9FF-B1F0-4052-9136-C56741438B16}.Release|Mixed Platforms.Build.0 = Release|Any CPU
		{E621367F-3FD6-4EF9-8824-C0DAE2D3DA11}.Debug|.NET.ActiveCfg = Debug|Any CPU
		{E621367F-3FD6-4EF9-8824-C0DAE2D3DA11}.Debug|Any CPU.ActiveCfg = Debug|Any CPU
		{E621367F-3FD6-4EF9-8824-C0DAE2D3DA11}.Debug|Any CPU.Build.0 = Debug|Any CPU
		{E621367F-3FD6-4EF9-8824-C0DAE2D3DA11}.Debug|Mixed Platforms.ActiveCfg = Debug|Any CPU
		{E621367F-3FD6-4EF9-8824-C0DAE2D3DA11}.Debug|Mixed Platforms.Build.0 = Debug|Any CPU
		{E621367F-3FD6-4EF9-8824-C0DAE2D3DA11}.Release|.NET.ActiveCfg = Release|Any CPU
		{E621367F-3FD6-4EF9-8824-C0DAE2D3DA11}.Release|Any CPU.ActiveCfg = Release|Any CPU
		{E621367F-3FD6-4EF9-8824-C0DAE2D3DA11}.Release|Any CPU.Build.0 = Release|Any CPU
		{E621367F-3FD6-4EF9-8824-C0DAE2D3DA11}.Release|Mixed Platforms.ActiveCfg = Release|Any CPU
		{E621367F-3FD6-4EF9-8824-C0DAE2D3DA11}.Release|Mixed Platforms.Build.0 = Release|Any CPU
		{A607C634-74AF-4C32-B0B1-3D72B642B859}.Debug|.NET.ActiveCfg = Debug|Any CPU
		{A607C634-74AF-4C32-B0B1-3D72B642B859}.Debug|Any CPU.ActiveCfg = Debug|Any CPU
		{A607C634-74AF-4C32-B0B1-3D72B642B859}.Debug|Any CPU.Build.0 = Debug|Any CPU
		{A607C634-74AF-4C32-B0B1-3D72B642B859}.Debug|Mixed Platforms.ActiveCfg = Debug|Any CPU
		{A607C634-74AF-4C32-B0B1-3D72B642B859}.Debug|Mixed Platforms.Build.0 = Debug|Any CPU
		{A607C634-74AF-4C32-B0B1-3D72B642B859}.Release|.NET.ActiveCfg = Release|Any CPU
		{A607C634-74AF-4C32-B0B1-3D72B642B859}.Release|Any CPU.ActiveCfg = Release|Any CPU
		{A607C634-74AF-4C32-B0B1-3D72B642B859}.Release|Any CPU.Build.0 = Release|Any CPU
		{A607C634-74AF-4C32-B0B1-3D72B642B859}.Release|Mixed Platforms.ActiveCfg = Release|Any CPU
		{A607C634-74AF-4C32-B0B1-3D72B642B859}.Release|Mixed Platforms.Build.0 = Release|Any CPU
		{DE1A9B49-0710-4FA1-BBFB-1C83F9E9533C}.Debug|.NET.ActiveCfg = Debug|Any CPU
		{DE1A9B49-0710-4FA1-BBFB-1C83F9E9533C}.Debug|Any CPU.ActiveCfg = Debug|Any CPU
		{DE1A9B49-0710-4FA1-BBFB-1C83F9E9533C}.Debug|Any CPU.Build.0 = Debug|Any CPU
		{DE1A9B49-0710-4FA1-BBFB-1C83F9E9533C}.Debug|Mixed Platforms.ActiveCfg = Debug|Any CPU
		{DE1A9B49-0710-4FA1-BBFB-1C83F9E9533C}.Debug|Mixed Platforms.Build.0 = Debug|Any CPU
		{DE1A9B49-0710-4FA1-BBFB-1C83F9E9533C}.Release|.NET.ActiveCfg = Release|Any CPU
		{DE1A9B49-0710-4FA1-BBFB-1C83F9E9533C}.Release|Any CPU.ActiveCfg = Release|Any CPU
		{DE1A9B49-0710-4FA1-BBFB-1C83F9E9533C}.Release|Any CPU.Build.0 = Release|Any CPU
		{DE1A9B49-0710-4FA1-BBFB-1C83F9E9533C}.Release|Mixed Platforms.ActiveCfg = Release|Any CPU
		{DE1A9B49-0710-4FA1-BBFB-1C83F9E9533C}.Release|Mixed Platforms.Build.0 = Release|Any CPU
		{064EF0A2-6634-480E-AD8B-1F866A2A7B5B}.Debug|.NET.ActiveCfg = Debug|Any CPU
		{064EF0A2-6634-480E-AD8B-1F866A2A7B5B}.Debug|Any CPU.ActiveCfg = Debug|Any CPU
		{064EF0A2-6634-480E-AD8B-1F866A2A7B5B}.Debug|Any CPU.Build.0 = Debug|Any CPU
		{064EF0A2-6634-480E-AD8B-1F866A2A7B5B}.Debug|Mixed Platforms.ActiveCfg = Debug|Any CPU
		{064EF0A2-6634-480E-AD8B-1F866A2A7B5B}.Debug|Mixed Platforms.Build.0 = Debug|Any CPU
		{064EF0A2-6634-480E-AD8B-1F866A2A7B5B}.Release|.NET.ActiveCfg = Release|Any CPU
		{064EF0A2-6634-480E-AD8B-1F866A2A7B5B}.Release|Any CPU.ActiveCfg = Release|Any CPU
		{064EF0A2-6634-480E-AD8B-1F866A2A7B5B}.Release|Any CPU.Build.0 = Release|Any CPU
		{064EF0A2-6634-480E-AD8B-1F866A2A7B5B}.Release|Mixed Platforms.ActiveCfg = Release|Any CPU
		{064EF0A2-6634-480E-AD8B-1F866A2A7B5B}.Release|Mixed Platforms.Build.0 = Release|Any CPU
		{FE3E730F-5B2D-42DC-B491-D16C7F04B96C}.Debug|.NET.ActiveCfg = Debug|Any CPU
		{FE3E730F-5B2D-42DC-B491-D16C7F04B96C}.Debug|Any CPU.ActiveCfg = Debug|Any CPU
		{FE3E730F-5B2D-42DC-B491-D16C7F04B96C}.Debug|Any CPU.Build.0 = Debug|Any CPU
		{FE3E730F-5B2D-42DC-B491-D16C7F04B96C}.Debug|Mixed Platforms.ActiveCfg = Debug|Any CPU
		{FE3E730F-5B2D-42DC-B491-D16C7F04B96C}.Debug|Mixed Platforms.Build.0 = Debug|Any CPU
		{FE3E730F-5B2D-42DC-B491-D16C7F04B96C}.Release|.NET.ActiveCfg = Release|Any CPU
		{FE3E730F-5B2D-42DC-B491-D16C7F04B96C}.Release|Any CPU.ActiveCfg = Release|Any CPU
		{FE3E730F-5B2D-42DC-B491-D16C7F04B96C}.Release|Any CPU.Build.0 = Release|Any CPU
		{FE3E730F-5B2D-42DC-B491-D16C7F04B96C}.Release|Mixed Platforms.ActiveCfg = Release|Any CPU
		{FE3E730F-5B2D-42DC-B491-D16C7F04B96C}.Release|Mixed Platforms.Build.0 = Release|Any CPU
		{43AFB8B3-003D-41CF-BA3F-B5DEC6DE39EA}.Debug|.NET.ActiveCfg = Debug|Any CPU
		{43AFB8B3-003D-41CF-BA3F-B5DEC6DE39EA}.Debug|Any CPU.ActiveCfg = Debug|Any CPU
		{43AFB8B3-003D-41CF-BA3F-B5DEC6DE39EA}.Debug|Any CPU.Build.0 = Debug|Any CPU
		{43AFB8B3-003D-41CF-BA3F-B5DEC6DE39EA}.Debug|Mixed Platforms.ActiveCfg = Debug|Any CPU
		{43AFB8B3-003D-41CF-BA3F-B5DEC6DE39EA}.Debug|Mixed Platforms.Build.0 = Debug|Any CPU
		{43AFB8B3-003D-41CF-BA3F-B5DEC6DE39EA}.Release|.NET.ActiveCfg = Release|Any CPU
		{43AFB8B3-003D-41CF-BA3F-B5DEC6DE39EA}.Release|Any CPU.ActiveCfg = Release|Any CPU
		{43AFB8B3-003D-41CF-BA3F-B5DEC6DE39EA}.Release|Any CPU.Build.0 = Release|Any CPU
		{43AFB8B3-003D-41CF-BA3F-B5DEC6DE39EA}.Release|Mixed Platforms.ActiveCfg = Release|Any CPU
		{43AFB8B3-003D-41CF-BA3F-B5DEC6DE39EA}.Release|Mixed Platforms.Build.0 = Release|Any CPU
		{2DD004E3-B976-48EB-898A-86283BC13A55}.Debug|.NET.ActiveCfg = Debug|Any CPU
		{2DD004E3-B976-48EB-898A-86283BC13A55}.Debug|Any CPU.ActiveCfg = Debug|Any CPU
		{2DD004E3-B976-48EB-898A-86283BC13A55}.Debug|Any CPU.Build.0 = Debug|Any CPU
		{2DD004E3-B976-48EB-898A-86283BC13A55}.Debug|Mixed Platforms.ActiveCfg = Debug|Any CPU
		{2DD004E3-B976-48EB-898A-86283BC13A55}.Debug|Mixed Platforms.Build.0 = Debug|Any CPU
		{2DD004E3-B976-48EB-898A-86283BC13A55}.Release|.NET.ActiveCfg = Release|Any CPU
		{2DD004E3-B976-48EB-898A-86283BC13A55}.Release|Any CPU.ActiveCfg = Release|Any CPU
		{2DD004E3-B976-48EB-898A-86283BC13A55}.Release|Any CPU.Build.0 = Release|Any CPU
		{2DD004E3-B976-48EB-898A-86283BC13A55}.Release|Mixed Platforms.ActiveCfg = Release|Any CPU
		{2DD004E3-B976-48EB-898A-86283BC13A55}.Release|Mixed Platforms.Build.0 = Release|Any CPU
		{53E0EF88-B812-45FE-9F91-F4F7889BD6CB}.Debug|.NET.ActiveCfg = Debug|Any CPU
		{53E0EF88-B812-45FE-9F91-F4F7889BD6CB}.Debug|Any CPU.ActiveCfg = Debug|Any CPU
		{53E0EF88-B812-45FE-9F91-F4F7889BD6CB}.Debug|Any CPU.Build.0 = Debug|Any CPU
		{53E0EF88-B812-45FE-9F91-F4F7889BD6CB}.Debug|Mixed Platforms.ActiveCfg = Debug|Any CPU
		{53E0EF88-B812-45FE-9F91-F4F7889BD6CB}.Debug|Mixed Platforms.Build.0 = Debug|Any CPU
		{53E0EF88-B812-45FE-9F91-F4F7889BD6CB}.Release|.NET.ActiveCfg = Release|Any CPU
		{53E0EF88-B812-45FE-9F91-F4F7889BD6CB}.Release|Any CPU.ActiveCfg = Release|Any CPU
		{53E0EF88-B812-45FE-9F91-F4F7889BD6CB}.Release|Any CPU.Build.0 = Release|Any CPU
		{53E0EF88-B812-45FE-9F91-F4F7889BD6CB}.Release|Mixed Platforms.ActiveCfg = Release|Any CPU
		{53E0EF88-B812-45FE-9F91-F4F7889BD6CB}.Release|Mixed Platforms.Build.0 = Release|Any CPU
		{33BC0B1F-DAA6-482D-B35B-4877F66297C6}.Debug|.NET.ActiveCfg = Debug|Any CPU
		{33BC0B1F-DAA6-482D-B35B-4877F66297C6}.Debug|Any CPU.ActiveCfg = Debug|Any CPU
		{33BC0B1F-DAA6-482D-B35B-4877F66297C6}.Debug|Any CPU.Build.0 = Debug|Any CPU
		{33BC0B1F-DAA6-482D-B35B-4877F66297C6}.Debug|Mixed Platforms.ActiveCfg = Debug|Any CPU
		{33BC0B1F-DAA6-482D-B35B-4877F66297C6}.Debug|Mixed Platforms.Build.0 = Debug|Any CPU
		{33BC0B1F-DAA6-482D-B35B-4877F66297C6}.Release|.NET.ActiveCfg = Release|Any CPU
		{33BC0B1F-DAA6-482D-B35B-4877F66297C6}.Release|Any CPU.ActiveCfg = Release|Any CPU
		{33BC0B1F-DAA6-482D-B35B-4877F66297C6}.Release|Any CPU.Build.0 = Release|Any CPU
		{33BC0B1F-DAA6-482D-B35B-4877F66297C6}.Release|Mixed Platforms.ActiveCfg = Release|Any CPU
		{33BC0B1F-DAA6-482D-B35B-4877F66297C6}.Release|Mixed Platforms.Build.0 = Release|Any CPU
		{C87D882C-7F86-4AE9-8E67-12A3A9653015}.Debug|.NET.ActiveCfg = Debug|Any CPU
		{C87D882C-7F86-4AE9-8E67-12A3A9653015}.Debug|Any CPU.ActiveCfg = Debug|Any CPU
		{C87D882C-7F86-4AE9-8E67-12A3A9653015}.Debug|Any CPU.Build.0 = Debug|Any CPU
		{C87D882C-7F86-4AE9-8E67-12A3A9653015}.Debug|Mixed Platforms.ActiveCfg = Debug|Any CPU
		{C87D882C-7F86-4AE9-8E67-12A3A9653015}.Debug|Mixed Platforms.Build.0 = Debug|Any CPU
		{C87D882C-7F86-4AE9-8E67-12A3A9653015}.Release|.NET.ActiveCfg = Release|Any CPU
		{C87D882C-7F86-4AE9-8E67-12A3A9653015}.Release|Any CPU.ActiveCfg = Release|Any CPU
		{C87D882C-7F86-4AE9-8E67-12A3A9653015}.Release|Any CPU.Build.0 = Release|Any CPU
		{C87D882C-7F86-4AE9-8E67-12A3A9653015}.Release|Mixed Platforms.ActiveCfg = Release|Any CPU
		{C87D882C-7F86-4AE9-8E67-12A3A9653015}.Release|Mixed Platforms.Build.0 = Release|Any CPU
		{237E1CBA-D423-4555-A9EA-3282A3287AD9}.Debug|.NET.ActiveCfg = Debug|Any CPU
		{237E1CBA-D423-4555-A9EA-3282A3287AD9}.Debug|.NET.Build.0 = Debug|Any CPU
		{237E1CBA-D423-4555-A9EA-3282A3287AD9}.Debug|Any CPU.ActiveCfg = Debug|Any CPU
		{237E1CBA-D423-4555-A9EA-3282A3287AD9}.Debug|Any CPU.Build.0 = Debug|Any CPU
		{237E1CBA-D423-4555-A9EA-3282A3287AD9}.Debug|Mixed Platforms.ActiveCfg = Debug|Any CPU
		{237E1CBA-D423-4555-A9EA-3282A3287AD9}.Debug|Mixed Platforms.Build.0 = Debug|Any CPU
		{237E1CBA-D423-4555-A9EA-3282A3287AD9}.Release|.NET.ActiveCfg = Release|Any CPU
		{237E1CBA-D423-4555-A9EA-3282A3287AD9}.Release|.NET.Build.0 = Release|Any CPU
		{237E1CBA-D423-4555-A9EA-3282A3287AD9}.Release|Any CPU.ActiveCfg = Release|Any CPU
		{237E1CBA-D423-4555-A9EA-3282A3287AD9}.Release|Any CPU.Build.0 = Release|Any CPU
		{237E1CBA-D423-4555-A9EA-3282A3287AD9}.Release|Mixed Platforms.ActiveCfg = Release|Any CPU
		{237E1CBA-D423-4555-A9EA-3282A3287AD9}.Release|Mixed Platforms.Build.0 = Release|Any CPU
		{2B96AE56-3E5C-4904-B9D5-74C034B1380A}.Debug|.NET.ActiveCfg = Debug|Any CPU
		{2B96AE56-3E5C-4904-B9D5-74C034B1380A}.Debug|.NET.Build.0 = Debug|Any CPU
		{2B96AE56-3E5C-4904-B9D5-74C034B1380A}.Debug|Any CPU.ActiveCfg = Debug|Any CPU
		{2B96AE56-3E5C-4904-B9D5-74C034B1380A}.Debug|Any CPU.Build.0 = Debug|Any CPU
		{2B96AE56-3E5C-4904-B9D5-74C034B1380A}.Debug|Mixed Platforms.ActiveCfg = Debug|Any CPU
		{2B96AE56-3E5C-4904-B9D5-74C034B1380A}.Debug|Mixed Platforms.Build.0 = Debug|Any CPU
		{2B96AE56-3E5C-4904-B9D5-74C034B1380A}.Release|.NET.ActiveCfg = Release|Any CPU
		{2B96AE56-3E5C-4904-B9D5-74C034B1380A}.Release|.NET.Build.0 = Release|Any CPU
		{2B96AE56-3E5C-4904-B9D5-74C034B1380A}.Release|Any CPU.ActiveCfg = Release|Any CPU
		{2B96AE56-3E5C-4904-B9D5-74C034B1380A}.Release|Any CPU.Build.0 = Release|Any CPU
		{2B96AE56-3E5C-4904-B9D5-74C034B1380A}.Release|Mixed Platforms.ActiveCfg = Release|Any CPU
		{2B96AE56-3E5C-4904-B9D5-74C034B1380A}.Release|Mixed Platforms.Build.0 = Release|Any CPU
		{65E792BA-9516-467A-9264-DA034878E861}.Debug|.NET.ActiveCfg = Debug|Any CPU
		{65E792BA-9516-467A-9264-DA034878E861}.Debug|.NET.Build.0 = Debug|Any CPU
		{65E792BA-9516-467A-9264-DA034878E861}.Debug|Any CPU.ActiveCfg = Debug|Any CPU
		{65E792BA-9516-467A-9264-DA034878E861}.Debug|Any CPU.Build.0 = Debug|Any CPU
		{65E792BA-9516-467A-9264-DA034878E861}.Debug|Mixed Platforms.ActiveCfg = Debug|Any CPU
		{65E792BA-9516-467A-9264-DA034878E861}.Debug|Mixed Platforms.Build.0 = Debug|Any CPU
		{65E792BA-9516-467A-9264-DA034878E861}.Release|.NET.ActiveCfg = Release|Any CPU
		{65E792BA-9516-467A-9264-DA034878E861}.Release|.NET.Build.0 = Release|Any CPU
		{65E792BA-9516-467A-9264-DA034878E861}.Release|Any CPU.ActiveCfg = Release|Any CPU
		{65E792BA-9516-467A-9264-DA034878E861}.Release|Any CPU.Build.0 = Release|Any CPU
		{65E792BA-9516-467A-9264-DA034878E861}.Release|Mixed Platforms.ActiveCfg = Release|Any CPU
		{65E792BA-9516-467A-9264-DA034878E861}.Release|Mixed Platforms.Build.0 = Release|Any CPU
		{049560E8-0306-483C-A782-8BE14118A6ED}.Debug|.NET.ActiveCfg = Debug|Any CPU
		{049560E8-0306-483C-A782-8BE14118A6ED}.Debug|.NET.Build.0 = Debug|Any CPU
		{049560E8-0306-483C-A782-8BE14118A6ED}.Debug|Any CPU.ActiveCfg = Debug|Any CPU
		{049560E8-0306-483C-A782-8BE14118A6ED}.Debug|Any CPU.Build.0 = Debug|Any CPU
		{049560E8-0306-483C-A782-8BE14118A6ED}.Debug|Mixed Platforms.ActiveCfg = Debug|Any CPU
		{049560E8-0306-483C-A782-8BE14118A6ED}.Debug|Mixed Platforms.Build.0 = Debug|Any CPU
		{049560E8-0306-483C-A782-8BE14118A6ED}.Release|.NET.ActiveCfg = Release|Any CPU
		{049560E8-0306-483C-A782-8BE14118A6ED}.Release|.NET.Build.0 = Release|Any CPU
		{049560E8-0306-483C-A782-8BE14118A6ED}.Release|Any CPU.ActiveCfg = Release|Any CPU
		{049560E8-0306-483C-A782-8BE14118A6ED}.Release|Any CPU.Build.0 = Release|Any CPU
		{049560E8-0306-483C-A782-8BE14118A6ED}.Release|Mixed Platforms.ActiveCfg = Release|Any CPU
		{049560E8-0306-483C-A782-8BE14118A6ED}.Release|Mixed Platforms.Build.0 = Release|Any CPU
		{4A5280BF-F199-433E-BC5E-B7A19B63C746}.Debug|.NET.ActiveCfg = Debug|Any CPU
		{4A5280BF-F199-433E-BC5E-B7A19B63C746}.Debug|.NET.Build.0 = Debug|Any CPU
		{4A5280BF-F199-433E-BC5E-B7A19B63C746}.Debug|Any CPU.ActiveCfg = Debug|Any CPU
		{4A5280BF-F199-433E-BC5E-B7A19B63C746}.Debug|Any CPU.Build.0 = Debug|Any CPU
		{4A5280BF-F199-433E-BC5E-B7A19B63C746}.Debug|Mixed Platforms.ActiveCfg = Debug|Any CPU
		{4A5280BF-F199-433E-BC5E-B7A19B63C746}.Debug|Mixed Platforms.Build.0 = Debug|Any CPU
		{4A5280BF-F199-433E-BC5E-B7A19B63C746}.Release|.NET.ActiveCfg = Release|Any CPU
		{4A5280BF-F199-433E-BC5E-B7A19B63C746}.Release|.NET.Build.0 = Release|Any CPU
		{4A5280BF-F199-433E-BC5E-B7A19B63C746}.Release|Any CPU.ActiveCfg = Release|Any CPU
		{4A5280BF-F199-433E-BC5E-B7A19B63C746}.Release|Any CPU.Build.0 = Release|Any CPU
		{4A5280BF-F199-433E-BC5E-B7A19B63C746}.Release|Mixed Platforms.ActiveCfg = Release|Any CPU
		{4A5280BF-F199-433E-BC5E-B7A19B63C746}.Release|Mixed Platforms.Build.0 = Release|Any CPU
		{79BBA571-E0AA-4861-A91D-C6732C94B83A}.Debug|.NET.ActiveCfg = Debug|Any CPU
		{79BBA571-E0AA-4861-A91D-C6732C94B83A}.Debug|.NET.Build.0 = Debug|Any CPU
		{79BBA571-E0AA-4861-A91D-C6732C94B83A}.Debug|Any CPU.ActiveCfg = Debug|Any CPU
		{79BBA571-E0AA-4861-A91D-C6732C94B83A}.Debug|Any CPU.Build.0 = Debug|Any CPU
		{79BBA571-E0AA-4861-A91D-C6732C94B83A}.Debug|Mixed Platforms.ActiveCfg = Debug|Any CPU
		{79BBA571-E0AA-4861-A91D-C6732C94B83A}.Debug|Mixed Platforms.Build.0 = Debug|Any CPU
		{79BBA571-E0AA-4861-A91D-C6732C94B83A}.Release|.NET.ActiveCfg = Release|Any CPU
		{79BBA571-E0AA-4861-A91D-C6732C94B83A}.Release|.NET.Build.0 = Release|Any CPU
		{79BBA571-E0AA-4861-A91D-C6732C94B83A}.Release|Any CPU.ActiveCfg = Release|Any CPU
		{79BBA571-E0AA-4861-A91D-C6732C94B83A}.Release|Any CPU.Build.0 = Release|Any CPU
		{79BBA571-E0AA-4861-A91D-C6732C94B83A}.Release|Mixed Platforms.ActiveCfg = Release|Any CPU
		{79BBA571-E0AA-4861-A91D-C6732C94B83A}.Release|Mixed Platforms.Build.0 = Release|Any CPU
		{BB336889-BD00-45C7-8844-D13382C2AAE7}.Debug|.NET.ActiveCfg = Debug|Any CPU
		{BB336889-BD00-45C7-8844-D13382C2AAE7}.Debug|.NET.Build.0 = Debug|Any CPU
		{BB336889-BD00-45C7-8844-D13382C2AAE7}.Debug|Any CPU.ActiveCfg = Debug|Any CPU
		{BB336889-BD00-45C7-8844-D13382C2AAE7}.Debug|Any CPU.Build.0 = Debug|Any CPU
		{BB336889-BD00-45C7-8844-D13382C2AAE7}.Debug|Mixed Platforms.ActiveCfg = Debug|Any CPU
		{BB336889-BD00-45C7-8844-D13382C2AAE7}.Debug|Mixed Platforms.Build.0 = Debug|Any CPU
		{BB336889-BD00-45C7-8844-D13382C2AAE7}.Release|.NET.ActiveCfg = Release|Any CPU
		{BB336889-BD00-45C7-8844-D13382C2AAE7}.Release|.NET.Build.0 = Release|Any CPU
		{BB336889-BD00-45C7-8844-D13382C2AAE7}.Release|Any CPU.ActiveCfg = Release|Any CPU
		{BB336889-BD00-45C7-8844-D13382C2AAE7}.Release|Any CPU.Build.0 = Release|Any CPU
		{BB336889-BD00-45C7-8844-D13382C2AAE7}.Release|Mixed Platforms.ActiveCfg = Release|Any CPU
		{BB336889-BD00-45C7-8844-D13382C2AAE7}.Release|Mixed Platforms.Build.0 = Release|Any CPU
		{B48A8A08-4332-41FC-A6BB-ED85A3A99F9D}.Debug|.NET.ActiveCfg = Debug|Any CPU
		{B48A8A08-4332-41FC-A6BB-ED85A3A99F9D}.Debug|.NET.Build.0 = Debug|Any CPU
		{B48A8A08-4332-41FC-A6BB-ED85A3A99F9D}.Debug|Any CPU.ActiveCfg = Debug|Any CPU
		{B48A8A08-4332-41FC-A6BB-ED85A3A99F9D}.Debug|Any CPU.Build.0 = Debug|Any CPU
		{B48A8A08-4332-41FC-A6BB-ED85A3A99F9D}.Debug|Mixed Platforms.ActiveCfg = Debug|Any CPU
		{B48A8A08-4332-41FC-A6BB-ED85A3A99F9D}.Debug|Mixed Platforms.Build.0 = Debug|Any CPU
		{B48A8A08-4332-41FC-A6BB-ED85A3A99F9D}.Release|.NET.ActiveCfg = Release|Any CPU
		{B48A8A08-4332-41FC-A6BB-ED85A3A99F9D}.Release|.NET.Build.0 = Release|Any CPU
		{B48A8A08-4332-41FC-A6BB-ED85A3A99F9D}.Release|Any CPU.ActiveCfg = Release|Any CPU
		{B48A8A08-4332-41FC-A6BB-ED85A3A99F9D}.Release|Any CPU.Build.0 = Release|Any CPU
		{B48A8A08-4332-41FC-A6BB-ED85A3A99F9D}.Release|Mixed Platforms.ActiveCfg = Release|Any CPU
		{B48A8A08-4332-41FC-A6BB-ED85A3A99F9D}.Release|Mixed Platforms.Build.0 = Release|Any CPU
		{876C89C4-D89E-4E70-AB98-52C008F0DE85}.Debug|.NET.ActiveCfg = Debug|Any CPU
		{876C89C4-D89E-4E70-AB98-52C008F0DE85}.Debug|.NET.Build.0 = Debug|Any CPU
		{876C89C4-D89E-4E70-AB98-52C008F0DE85}.Debug|Any CPU.ActiveCfg = Debug|Any CPU
		{876C89C4-D89E-4E70-AB98-52C008F0DE85}.Debug|Any CPU.Build.0 = Debug|Any CPU
		{876C89C4-D89E-4E70-AB98-52C008F0DE85}.Debug|Mixed Platforms.ActiveCfg = Debug|Any CPU
		{876C89C4-D89E-4E70-AB98-52C008F0DE85}.Debug|Mixed Platforms.Build.0 = Debug|Any CPU
		{876C89C4-D89E-4E70-AB98-52C008F0DE85}.Release|.NET.ActiveCfg = Release|Any CPU
		{876C89C4-D89E-4E70-AB98-52C008F0DE85}.Release|.NET.Build.0 = Release|Any CPU
		{876C89C4-D89E-4E70-AB98-52C008F0DE85}.Release|Any CPU.ActiveCfg = Release|Any CPU
		{876C89C4-D89E-4E70-AB98-52C008F0DE85}.Release|Any CPU.Build.0 = Release|Any CPU
		{876C89C4-D89E-4E70-AB98-52C008F0DE85}.Release|Mixed Platforms.ActiveCfg = Release|Any CPU
		{876C89C4-D89E-4E70-AB98-52C008F0DE85}.Release|Mixed Platforms.Build.0 = Release|Any CPU
	EndGlobalSection
	GlobalSection(SolutionProperties) = preSolution
		HideSolutionNode = FALSE
	EndGlobalSection
	GlobalSection(NestedProjects) = preSolution
		{4F2EAA30-6616-4D69-8355-44557E20C398} = {0ABDD59A-3298-4D5A-B53B-6F7A2A38A03A}
		{3D3AA39C-0674-4421-9BCC-4F17690A868F} = {CE5D666F-E65C-414A-AC48-127188FF7D11}
		{BA4D9710-6531-44AF-99FD-01542F41E1AD} = {82CC516B-4E49-49BB-B8D2-E55B5D7871B3}
		{DAF43D13-E9CD-4DF0-B057-36D24F57956A} = {8139D057-3422-47E4-88B8-18E6C6D5C063}
		{7245A9FF-B1F0-4052-9136-C56741438B16} = {DAF43D13-E9CD-4DF0-B057-36D24F57956A}
		{E621367F-3FD6-4EF9-8824-C0DAE2D3DA11} = {DAF43D13-E9CD-4DF0-B057-36D24F57956A}
		{A607C634-74AF-4C32-B0B1-3D72B642B859} = {CE5D666F-E65C-414A-AC48-127188FF7D11}
		{DE1A9B49-0710-4FA1-BBFB-1C83F9E9533C} = {CE5D666F-E65C-414A-AC48-127188FF7D11}
		{064EF0A2-6634-480E-AD8B-1F866A2A7B5B} = {CE5D666F-E65C-414A-AC48-127188FF7D11}
		{FE3E730F-5B2D-42DC-B491-D16C7F04B96C} = {D56CED05-BE3C-4422-86D5-110F1BD1669A}
		{43AFB8B3-003D-41CF-BA3F-B5DEC6DE39EA} = {A2131B4A-F707-4810-BE48-8B280CECE34D}
		{B4F83D46-9BCF-4267-814B-C56E8294E344} = {D56CED05-BE3C-4422-86D5-110F1BD1669A}
		{2DD004E3-B976-48EB-898A-86283BC13A55} = {B4F83D46-9BCF-4267-814B-C56E8294E344}
		{482B7C28-F2BC-480A-8BA0-EC3B0E21E8F4} = {A2131B4A-F707-4810-BE48-8B280CECE34D}
		{DE27138F-829F-43E2-8F1D-7B15D2DEA6F5} = {482B7C28-F2BC-480A-8BA0-EC3B0E21E8F4}
		{53E0EF88-B812-45FE-9F91-F4F7889BD6CB} = {DE27138F-829F-43E2-8F1D-7B15D2DEA6F5}
		{33BC0B1F-DAA6-482D-B35B-4877F66297C6} = {0ABDD59A-3298-4D5A-B53B-6F7A2A38A03A}
		{A7F6922F-44BC-4E41-ADFB-4C15A8F4DB4D} = {D954B2E5-C1FA-41BC-AC75-9C627051BDE9}
		{69ED166A-C1BE-47A1-A704-43182E905A8C} = {A7F6922F-44BC-4E41-ADFB-4C15A8F4DB4D}
		{C87D882C-7F86-4AE9-8E67-12A3A9653015} = {69ED166A-C1BE-47A1-A704-43182E905A8C}
		{237E1CBA-D423-4555-A9EA-3282A3287AD9} = {320171AD-F2D1-411E-BC00-F757D7B4E117}
		{2B96AE56-3E5C-4904-B9D5-74C034B1380A} = {320171AD-F2D1-411E-BC00-F757D7B4E117}
		{65E792BA-9516-467A-9264-DA034878E861} = {320171AD-F2D1-411E-BC00-F757D7B4E117}
		{049560E8-0306-483C-A782-8BE14118A6ED} = {29FC9745-7D13-41D7-8AFE-4193B02BF26F}
		{4A5280BF-F199-433E-BC5E-B7A19B63C746} = {29FC9745-7D13-41D7-8AFE-4193B02BF26F}
		{79BBA571-E0AA-4861-A91D-C6732C94B83A} = {CEB87701-440B-4D96-83F2-6F0427050740}
		{BB336889-BD00-45C7-8844-D13382C2AAE7} = {CEB87701-440B-4D96-83F2-6F0427050740}
		{240F45A3-FDC6-4F3E-9463-5B6A33B8814E} = {8CFCFD23-BA5D-4EB5-B552-78DFA464146D}
		{B48A8A08-4332-41FC-A6BB-ED85A3A99F9D} = {240F45A3-FDC6-4F3E-9463-5B6A33B8814E}
		{876C89C4-D89E-4E70-AB98-52C008F0DE85} = {8CFCFD23-BA5D-4EB5-B552-78DFA464146D}
	EndGlobalSection
	GlobalSection(SubversionScc) = preSolution
		Svn-Managed = True
		Manager = AnkhSVN - Subversion Support for Visual Studio
	EndGlobalSection
EndGlobal
